
Microsoft Visual Studio Solution File, Format Version 12.00
# Visual Studio Version 16
VisualStudioVersion = 16.0.29905.134
MinimumVisualStudioVersion = 10.0.40219.1
Project("{9A19103F-16F7-4668-BE54-9A1E7A4F7556}") = "fictie20Api", "TodoApi\fictie20Api.csproj", "{3D13F701-9F84-4FBB-87E9-EEF83286AFE3}"
EndProject
Global
	GlobalSection(SolutionConfigurationPlatforms) = preSolution
		Debug|Any CPU = Debug|Any CPU
		Release|Any CPU = Release|Any CPU
	EndGlobalSection
	GlobalSection(ProjectConfigurationPlatforms) = postSolution
		{3D13F701-9F84-4FBB-87E9-EEF83286AFE3}.Debug|Any CPU.ActiveCfg = Debug|Any CPU
		{3D13F701-9F84-4FBB-87E9-EEF83286AFE3}.Debug|Any CPU.Build.0 = Debug|Any CPU
		{3D13F701-9F84-4FBB-87E9-EEF83286AFE3}.Release|Any CPU.ActiveCfg = Release|Any CPU
		{3D13F701-9F84-4FBB-87E9-EEF83286AFE3}.Release|Any CPU.Build.0 = Release|Any CPU
	EndGlobalSection
	GlobalSection(SolutionProperties) = preSolution
		HideSolutionNode = FALSE
	EndGlobalSection
	GlobalSection(ExtensibilityGlobals) = postSolution
		SolutionGuid = {ED9DAA8C-FDA7-4BFF-A5D7-A8AEA5DBD167}
	EndGlobalSection
EndGlobal
